
Microsoft Visual Studio Solution File, Format Version 12.00
Project("{FAE04EC0-301F-11D3-BF4B-00C04F79EFBC}") = "CwiczeniaKolosV2", "CwiczeniaKolosV2\CwiczeniaKolosV2.csproj", "{AB0A2C15-2C39-4AC1-A62B-D426F2D195EC}"
EndProject
Global
	GlobalSection(SolutionConfigurationPlatforms) = preSolution
		Debug|Any CPU = Debug|Any CPU
		Release|Any CPU = Release|Any CPU
	EndGlobalSection
	GlobalSection(ProjectConfigurationPlatforms) = postSolution
		{AB0A2C15-2C39-4AC1-A62B-D426F2D195EC}.Debug|Any CPU.ActiveCfg = Debug|Any CPU
		{AB0A2C15-2C39-4AC1-A62B-D426F2D195EC}.Debug|Any CPU.Build.0 = Debug|Any CPU
		{AB0A2C15-2C39-4AC1-A62B-D426F2D195EC}.Release|Any CPU.ActiveCfg = Release|Any CPU
		{AB0A2C15-2C39-4AC1-A62B-D426F2D195EC}.Release|Any CPU.Build.0 = Release|Any CPU
	EndGlobalSection
EndGlobal
